
Microsoft Visual Studio Solution File, Format Version 12.00
# Visual Studio Version 16
VisualStudioVersion = 16.0.28803.202
MinimumVisualStudioVersion = 10.0.40219.1
Project("{FAE04EC0-301F-11D3-BF4B-00C04F79EFBC}") = "MyProject", "MyProject\MyProject.csproj", "{E71DA830-06CF-4268-B4CE-4A5FA4149DEA}"
EndProject
Global
	GlobalSection(SolutionConfigurationPlatforms) = preSolution
		Debug|Any CPU = Debug|Any CPU
		Release|Any CPU = Release|Any CPU
	EndGlobalSection
	GlobalSection(ProjectConfigurationPlatforms) = postSolution
		{E71DA830-06CF-4268-B4CE-4A5FA4149DEA}.Debug|Any CPU.ActiveCfg = Debug|Any CPU
		{E71DA830-06CF-4268-B4CE-4A5FA4149DEA}.Debug|Any CPU.Build.0 = Debug|Any CPU
		{E71DA830-06CF-4268-B4CE-4A5FA4149DEA}.Release|Any CPU.ActiveCfg = Release|Any CPU
		{E71DA830-06CF-4268-B4CE-4A5FA4149DEA}.Release|Any CPU.Build.0 = Release|Any CPU
	EndGlobalSection
	GlobalSection(SolutionProperties) = preSolution
		HideSolutionNode = FALSE
	EndGlobalSection
	GlobalSection(ExtensibilityGlobals) = postSolution
		SolutionGuid = {6A7833BA-63BF-47ED-9E14-6993CBF69183}
	EndGlobalSection
EndGlobal
