
Microsoft Visual Studio Solution File, Format Version 12.00
# Visual Studio Version 16
VisualStudioVersion = 16.0.28803.202
MinimumVisualStudioVersion = 10.0.40219.1
Project("{FAE04EC0-301F-11D3-BF4B-00C04F79EFBC}") = "MyProject", "MyProject\MyProject.csproj", "{5CA880FC-E2F4-466F-9E6A-9C313E6C9069}"
EndProject
Global
	GlobalSection(SolutionConfigurationPlatforms) = preSolution
		Debug|Any CPU = Debug|Any CPU
		Release|Any CPU = Release|Any CPU
	EndGlobalSection
	GlobalSection(ProjectConfigurationPlatforms) = postSolution
		{5CA880FC-E2F4-466F-9E6A-9C313E6C9069}.Debug|Any CPU.ActiveCfg = Debug|Any CPU
		{5CA880FC-E2F4-466F-9E6A-9C313E6C9069}.Debug|Any CPU.Build.0 = Debug|Any CPU
		{5CA880FC-E2F4-466F-9E6A-9C313E6C9069}.Release|Any CPU.ActiveCfg = Release|Any CPU
		{5CA880FC-E2F4-466F-9E6A-9C313E6C9069}.Release|Any CPU.Build.0 = Release|Any CPU
	EndGlobalSection
	GlobalSection(SolutionProperties) = preSolution
		HideSolutionNode = FALSE
	EndGlobalSection
	GlobalSection(ExtensibilityGlobals) = postSolution
		SolutionGuid = {6A622DE7-47C1-4E59-AFBB-77C6367ABD53}
	EndGlobalSection
EndGlobal
